
Microsoft Visual Studio Solution File, Format Version 12.00
# Visual Studio Version 17
VisualStudioVersion = 17.0.32014.148
MinimumVisualStudioVersion = 10.0.40219.1
Project("{8BC9CEB8-8B4A-11D0-8D11-00A0C91BC942}") = "SummerProject", "SummerProject\SummerProject.vcxproj", "{06079C7A-72CF-415A-8866-43913DE366F3}"
EndProject
Global
	GlobalSection(SolutionConfigurationPlatforms) = preSolution
		Debug|x64 = Debug|x64
		Debug|x86 = Debug|x86
		Release|x64 = Release|x64
		Release|x86 = Release|x86
	EndGlobalSection
	GlobalSection(ProjectConfigurationPlatforms) = postSolution
		{06079C7A-72CF-415A-8866-43913DE366F3}.Debug|x64.ActiveCfg = Debug|x64
		{06079C7A-72CF-415A-8866-43913DE366F3}.Debug|x64.Build.0 = Debug|x64
		{06079C7A-72CF-415A-8866-43913DE366F3}.Debug|x86.ActiveCfg = Debug|Win32
		{06079C7A-72CF-415A-8866-43913DE366F3}.Debug|x86.Build.0 = Debug|Win32
		{06079C7A-72CF-415A-8866-43913DE366F3}.Release|x64.ActiveCfg = Release|x64
		{06079C7A-72CF-415A-8866-43913DE366F3}.Release|x64.Build.0 = Release|x64
		{06079C7A-72CF-415A-8866-43913DE366F3}.Release|x86.ActiveCfg = Release|Win32
		{06079C7A-72CF-415A-8866-43913DE366F3}.Release|x86.Build.0 = Release|Win32
	EndGlobalSection
	GlobalSection(SolutionProperties) = preSolution
		HideSolutionNode = FALSE
	EndGlobalSection
	GlobalSection(ExtensibilityGlobals) = postSolution
		SolutionGuid = {C15478F4-3CE1-4DC5-BB31-171F36CE9FF0}
	EndGlobalSection
EndGlobal
